
Microsoft Visual Studio Solution File, Format Version 12.00
# Visual Studio Version 17
VisualStudioVersion = 17.4.33205.214
MinimumVisualStudioVersion = 10.0.40219.1
Project("{FAE04EC0-301F-11D3-BF4B-00C04F79EFBC}") = "BDD_Cliente", "BDD_Cliente.csproj", "{81BF8E88-6ACF-40DC-8610-AF92664E1479}"
EndProject
Global
	GlobalSection(SolutionConfigurationPlatforms) = preSolution
		Debug|Any CPU = Debug|Any CPU
		Release|Any CPU = Release|Any CPU
	EndGlobalSection
	GlobalSection(ProjectConfigurationPlatforms) = postSolution
		{81BF8E88-6ACF-40DC-8610-AF92664E1479}.Debug|Any CPU.ActiveCfg = Debug|Any CPU
		{81BF8E88-6ACF-40DC-8610-AF92664E1479}.Debug|Any CPU.Build.0 = Debug|Any CPU
		{81BF8E88-6ACF-40DC-8610-AF92664E1479}.Release|Any CPU.ActiveCfg = Release|Any CPU
		{81BF8E88-6ACF-40DC-8610-AF92664E1479}.Release|Any CPU.Build.0 = Release|Any CPU
	EndGlobalSection
	GlobalSection(SolutionProperties) = preSolution
		HideSolutionNode = FALSE
	EndGlobalSection
	GlobalSection(ExtensibilityGlobals) = postSolution
		SolutionGuid = {B7F5272F-94E0-4432-B109-24DA4D999FBF}
	EndGlobalSection
EndGlobal
